// !$*UTF8*$!
{
	archiveVersion = 1;
	classes = {
	};
	objectVersion = 46;
	objects = {

/* Begin PBXBuildFile section */
		DC0238861BE4497B0060F4B8 /* Settings.bundle in Resources */ = {isa = PBXBuildFile; fileRef = DC0238851BE4497B0060F4B8 /* Settings.bundle */; };
		DC11A7B31C092FD300FD54C3 /* ChargerDetailViewController.swift in Sources */ = {isa = PBXBuildFile; fileRef = DC11A7B11C092FD300FD54C3 /* ChargerDetailViewController.swift */; };
		DC14111E1CC00D7600F68C83 /* InfoPlist.strings in Resources */ = {isa = PBXBuildFile; fileRef = DC14111D1CC00D7600F68C83 /* InfoPlist.strings */; };
		DC1411201CC00D9500F68C83 /* InfoPlist.strings in Resources */ = {isa = PBXBuildFile; fileRef = DC14111F1CC00D9500F68C83 /* InfoPlist.strings */; };
		DC1411221CC00DAF00F68C83 /* InfoPlist.strings in Resources */ = {isa = PBXBuildFile; fileRef = DC1411211CC00DAF00F68C83 /* InfoPlist.strings */; };
		DC1411241CC00DC300F68C83 /* InfoPlist.strings in Resources */ = {isa = PBXBuildFile; fileRef = DC1411231CC00DC300F68C83 /* InfoPlist.strings */; };
		DC1411271CC00DEE00F68C83 /* InfoPlist.strings in Resources */ = {isa = PBXBuildFile; fileRef = DC1411291CC00DEE00F68C83 /* InfoPlist.strings */; };
		DC14112C1CC00DEE00F68C83 /* Localizable.strings in Resources */ = {isa = PBXBuildFile; fileRef = DC14112E1CC00DEE00F68C83 /* Localizable.strings */; };
		DC1A2DF01CB6D69400C2C01F /* ChargerDetailViewController.xib in Resources */ = {isa = PBXBuildFile; fileRef = DC1A2DF21CB6D69400C2C01F /* ChargerDetailViewController.xib */; };
		DC1ED1631BE29572007C09D1 /* AppDelegate.swift in Sources */ = {isa = PBXBuildFile; fileRef = DC1ED1621BE29572007C09D1 /* AppDelegate.swift */; };
		DC1ED1651BE29572007C09D1 /* ViewController.swift in Sources */ = {isa = PBXBuildFile; fileRef = DC1ED1641BE29572007C09D1 /* ViewController.swift */; };
		DC1ED1681BE29572007C09D1 /* Main.storyboard in Resources */ = {isa = PBXBuildFile; fileRef = DC1ED1661BE29572007C09D1 /* Main.storyboard */; };
		DC1ED16B1BE29572007C09D1 /* Spark.xcdatamodeld in Sources */ = {isa = PBXBuildFile; fileRef = DC1ED1691BE29572007C09D1 /* Spark.xcdatamodeld */; };
		DC1ED16D1BE29572007C09D1 /* Assets.xcassets in Resources */ = {isa = PBXBuildFile; fileRef = DC1ED16C1BE29572007C09D1 /* Assets.xcassets */; };
		DC1ED1701BE29572007C09D1 /* LaunchScreen.storyboard in Resources */ = {isa = PBXBuildFile; fileRef = DC1ED16E1BE29572007C09D1 /* LaunchScreen.storyboard */; };
		DC1ED17B1BE29572007C09D1 /* SparkTests.swift in Sources */ = {isa = PBXBuildFile; fileRef = DC1ED17A1BE29572007C09D1 /* SparkTests.swift */; };
		DC1ED1861BE29572007C09D1 /* SparkUITests.swift in Sources */ = {isa = PBXBuildFile; fileRef = DC1ED1851BE29572007C09D1 /* SparkUITests.swift */; };
		DC24E3601C5B83760070AC3E /* SwiftSpinner.swift in Sources */ = {isa = PBXBuildFile; fileRef = DC24E35F1C5B83760070AC3E /* SwiftSpinner.swift */; };
		DC394B651D28659C003D6C81 /* ClusterManager.swift in Sources */ = {isa = PBXBuildFile; fileRef = DC394B5E1D28659C003D6C81 /* ClusterManager.swift */; };
		DC394B661D28659C003D6C81 /* AnnotationClusterView.swift in Sources */ = {isa = PBXBuildFile; fileRef = DC394B5F1D28659C003D6C81 /* AnnotationClusterView.swift */; };
		DC394B671D28659C003D6C81 /* AnnotationCluster.swift in Sources */ = {isa = PBXBuildFile; fileRef = DC394B601D28659C003D6C81 /* AnnotationCluster.swift */; };
		DC3D5F491D286AAB001A7D71 /* QuadTreeNode.swift in Sources */ = {isa = PBXBuildFile; fileRef = DC3D5F461D286AAB001A7D71 /* QuadTreeNode.swift */; };
		DC3D5F4A1D286AAB001A7D71 /* QuadTree.swift in Sources */ = {isa = PBXBuildFile; fileRef = DC3D5F471D286AAB001A7D71 /* QuadTree.swift */; };
		DC3D5F4B1D286AAB001A7D71 /* BoundingBox.swift in Sources */ = {isa = PBXBuildFile; fileRef = DC3D5F481D286AAB001A7D71 /* BoundingBox.swift */; };
		DC3D5F4D1D299494001A7D71 /* UserPreferenceHelper.swift in Sources */ = {isa = PBXBuildFile; fileRef = DC3D5F4C1D299494001A7D71 /* UserPreferenceHelper.swift */; };
		DC4EB7AD1BE9717800B75FFC /* NearbyTableViewCell.swift in Sources */ = {isa = PBXBuildFile; fileRef = DC4EB7AB1BE9717800B75FFC /* NearbyTableViewCell.swift */; };
		DC4EB7AE1BE9717800B75FFC /* NearbyTableViewCell.xib in Resources */ = {isa = PBXBuildFile; fileRef = DC4EB7AC1BE9717800B75FFC /* NearbyTableViewCell.xib */; };
		DC68F6731BE345B4000EFFF4 /* ChargerPrimary+CoreDataProperties.swift in Sources */ = {isa = PBXBuildFile; fileRef = DC68F6691BE345B4000EFFF4 /* ChargerPrimary+CoreDataProperties.swift */; };
		DC68F6741BE345B4000EFFF4 /* ChargerPrimary.swift in Sources */ = {isa = PBXBuildFile; fileRef = DC68F66A1BE345B4000EFFF4 /* ChargerPrimary.swift */; };
		DC68F6771BE345B4000EFFF4 /* ChargerDetails+CoreDataProperties.swift in Sources */ = {isa = PBXBuildFile; fileRef = DC68F66D1BE345B4000EFFF4 /* ChargerDetails+CoreDataProperties.swift */; };
		DC68F6781BE345B4000EFFF4 /* ChargerDetails.swift in Sources */ = {isa = PBXBuildFile; fileRef = DC68F66E1BE345B4000EFFF4 /* ChargerDetails.swift */; };
		DC68F6791BE345B4000EFFF4 /* Connection+CoreDataProperties.swift in Sources */ = {isa = PBXBuildFile; fileRef = DC68F66F1BE345B4000EFFF4 /* Connection+CoreDataProperties.swift */; };
		DC68F67A1BE345B4000EFFF4 /* Connection.swift in Sources */ = {isa = PBXBuildFile; fileRef = DC68F6701BE345B4000EFFF4 /* Connection.swift */; };
		DC68F67B1BE345B4000EFFF4 /* Comment+CoreDataProperties.swift in Sources */ = {isa = PBXBuildFile; fileRef = DC68F6711BE345B4000EFFF4 /* Comment+CoreDataProperties.swift */; };
		DC68F67C1BE345B4000EFFF4 /* Comment.swift in Sources */ = {isa = PBXBuildFile; fileRef = DC68F6721BE345B4000EFFF4 /* Comment.swift */; };
		DC68F6831BE34B11000EFFF4 /* ChargerOperator+CoreDataProperties.swift in Sources */ = {isa = PBXBuildFile; fileRef = DC68F6811BE34B11000EFFF4 /* ChargerOperator+CoreDataProperties.swift */; };
		DC68F6841BE34B11000EFFF4 /* ChargerOperator.swift in Sources */ = {isa = PBXBuildFile; fileRef = DC68F6821BE34B11000EFFF4 /* ChargerOperator.swift */; };
		DC68F6861BE34C23000EFFF4 /* MapViewController.swift in Sources */ = {isa = PBXBuildFile; fileRef = DC68F6851BE34C23000EFFF4 /* MapViewController.swift */; };
		DC7830CD1CE9C79A005B315E /* CommentsListViewController.swift in Sources */ = {isa = PBXBuildFile; fileRef = DC7830CB1CE9C79A005B315E /* CommentsListViewController.swift */; };
		DC7830D11CE9D8FE005B315E /* CommentTableViewCell.swift in Sources */ = {isa = PBXBuildFile; fileRef = DC7830CF1CE9D8FE005B315E /* CommentTableViewCell.swift */; };
		DC7830D21CE9D8FE005B315E /* CommentTableViewCell.xib in Resources */ = {isa = PBXBuildFile; fileRef = DC7830D01CE9D8FE005B315E /* CommentTableViewCell.xib */; };
		DC78F2231CC028A0009FF03E /* InfoPlist.strings in Resources */ = {isa = PBXBuildFile; fileRef = DC78F2221CC028A0009FF03E /* InfoPlist.strings */; };
		DC7C51CC1D1C86B40065862B /* ChargingStationPhotoViewController.swift in Sources */ = {isa = PBXBuildFile; fileRef = DC7C51CA1D1C86B40065862B /* ChargingStationPhotoViewController.swift */; };
		DC7C51CD1D1C86B40065862B /* ChargingStationPhotoViewController.xib in Resources */ = {isa = PBXBuildFile; fileRef = DC7C51CB1D1C86B40065862B /* ChargingStationPhotoViewController.xib */; };
		DC7C8C5F1C7F38EE003D5C37 /* LastDataUpdateLocationSingelton.swift in Sources */ = {isa = PBXBuildFile; fileRef = DC7C8C5E1C7F38EE003D5C37 /* LastDataUpdateLocationSingelton.swift */; };
		DC7C8C611C7F3A06003D5C37 /* DistanceToLocationManager.swift in Sources */ = {isa = PBXBuildFile; fileRef = DC7C8C601C7F3A06003D5C37 /* DistanceToLocationManager.swift */; };
		DC7F79001CC006EA006CBD42 /* InfoPlist.strings in Resources */ = {isa = PBXBuildFile; fileRef = DC7F78FF1CC006EA006CBD42 /* InfoPlist.strings */; };
		DC7F79021CC006F8006CBD42 /* InfoPlist.strings in Resources */ = {isa = PBXBuildFile; fileRef = DC7F79011CC006F8006CBD42 /* InfoPlist.strings */; };
		DC7F79041CC00710006CBD42 /* InfoPlist.strings in Resources */ = {isa = PBXBuildFile; fileRef = DC7F79031CC00710006CBD42 /* InfoPlist.strings */; };
		DC81E47D1D172D750013A22F /* ChargerImageHelper.swift in Sources */ = {isa = PBXBuildFile; fileRef = DC81E47C1D172D750013A22F /* ChargerImageHelper.swift */; };
		DC85CABD1C5A137700AB2786 /* ConnectionTableViewCell.swift in Sources */ = {isa = PBXBuildFile; fileRef = DC85CABB1C5A137700AB2786 /* ConnectionTableViewCell.swift */; };
		DC85CABE1C5A137700AB2786 /* ConnectionTableViewCell.xib in Resources */ = {isa = PBXBuildFile; fileRef = DC85CABC1C5A137700AB2786 /* ConnectionTableViewCell.xib */; };
		DCAFABCD1CC679B200C637BE /* MapCoordinateSpanSingelton.swift in Sources */ = {isa = PBXBuildFile; fileRef = DCAFABCC1CC679B200C637BE /* MapCoordinateSpanSingelton.swift */; };
		DCB3E2361BE65102003AB6C9 /* LocationManager.swift in Sources */ = {isa = PBXBuildFile; fileRef = DCB3E2351BE65102003AB6C9 /* LocationManager.swift */; };
		DCC4274C1D3673B600CAFD3E /* WelcomePageViewController.swift in Sources */ = {isa = PBXBuildFile; fileRef = DCC4274B1D3673B600CAFD3E /* WelcomePageViewController.swift */; };
		DCC4274E1D367AE100CAFD3E /* WelcomeZeroViewController.swift in Sources */ = {isa = PBXBuildFile; fileRef = DCC4274D1D367AE100CAFD3E /* WelcomeZeroViewController.swift */; };
		DCC427501D367B0900CAFD3E /* WelcomeOneViewController.swift in Sources */ = {isa = PBXBuildFile; fileRef = DCC4274F1D367B0900CAFD3E /* WelcomeOneViewController.swift */; };
		DCC427521D367C6100CAFD3E /* WelcomeTwoViewController.swift in Sources */ = {isa = PBXBuildFile; fileRef = DCC427511D367C6100CAFD3E /* WelcomeTwoViewController.swift */; };
		DCC427541D36B33300CAFD3E /* WelcomeThreeViewController.swift in Sources */ = {isa = PBXBuildFile; fileRef = DCC427531D36B33300CAFD3E /* WelcomeThreeViewController.swift */; };
		DCC427561D37A8EC00CAFD3E /* WelcomeStoryboard.storyboard in Resources */ = {isa = PBXBuildFile; fileRef = DCC427581D37A8EC00CAFD3E /* WelcomeStoryboard.storyboard */; };
		DCC4275A1D3BEF0C00CAFD3E /* WelcomeFourViewController.swift in Sources */ = {isa = PBXBuildFile; fileRef = DCC427591D3BEF0C00CAFD3E /* WelcomeFourViewController.swift */; };
		DCC862BC1C634FE0001E0049 /* MapCenterCoordinateSingelton.swift in Sources */ = {isa = PBXBuildFile; fileRef = DCC862BB1C634FE0001E0049 /* MapCenterCoordinateSingelton.swift */; };
		DCCAC3361D2579BA007B334D /* InfoPlist.strings in Resources */ = {isa = PBXBuildFile; fileRef = DCCAC3381D2579BA007B334D /* InfoPlist.strings */; };
		DCCF429B1CEFA007008DC094 /* CommentsListViewController.xib in Resources */ = {isa = PBXBuildFile; fileRef = DCCF429D1CEFA007008DC094 /* CommentsListViewController.xib */; };
		DCD04B781CA1D2A200D7F280 /* UserPhotoSubmissionManager.swift in Sources */ = {isa = PBXBuildFile; fileRef = DCD04B771CA1D2A200D7F280 /* UserPhotoSubmissionManager.swift */; };
		DCD7983B1BE5814F00C62863 /* AnnotationCharger.swift in Sources */ = {isa = PBXBuildFile; fileRef = DCD7983A1BE5814F00C62863 /* AnnotationCharger.swift */; };
		DCDC2C371C613A42004BEF91 /* SettingsViewController.swift in Sources */ = {isa = PBXBuildFile; fileRef = DCDC2C361C613A42004BEF91 /* SettingsViewController.swift */; };
		DCF1F2C41CC004760045EA77 /* InfoPlist.strings in Resources */ = {isa = PBXBuildFile; fileRef = DCF1F2C31CC004760045EA77 /* InfoPlist.strings */; };
		DCFD74251D271541006BEBE0 /* LastDataDownloadTimeSingelton.swift in Sources */ = {isa = PBXBuildFile; fileRef = DCFD74241D271541006BEBE0 /* LastDataDownloadTimeSingelton.swift */; };
		DCFDBFDA1BE3E6E10011D191 /* DataManager.swift in Sources */ = {isa = PBXBuildFile; fileRef = DCFDBFD91BE3E6E10011D191 /* DataManager.swift */; };
/* End PBXBuildFile section */

/* Begin PBXContainerItemProxy section */
		DC1ED1771BE29572007C09D1 /* PBXContainerItemProxy */ = {
			isa = PBXContainerItemProxy;
			containerPortal = DC1ED1571BE29572007C09D1 /* Project object */;
			proxyType = 1;
			remoteGlobalIDString = DC1ED15E1BE29572007C09D1;
			remoteInfo = Spark;
		};
		DC1ED1821BE29572007C09D1 /* PBXContainerItemProxy */ = {
			isa = PBXContainerItemProxy;
			containerPortal = DC1ED1571BE29572007C09D1 /* Project object */;
			proxyType = 1;
			remoteGlobalIDString = DC1ED15E1BE29572007C09D1;
			remoteInfo = Spark;
		};
/* End PBXContainerItemProxy section */

/* Begin PBXFileReference section */
		DC0238851BE4497B0060F4B8 /* Settings.bundle */ = {isa = PBXFileReference; lastKnownFileType = "wrapper.plug-in"; path = Settings.bundle; sourceTree = "<group>"; };
		DC093CAA1CC0310A00EFCD52 /* Spark v4.xcdatamodel */ = {isa = PBXFileReference; lastKnownFileType = wrapper.xcdatamodel; path = "Spark v4.xcdatamodel"; sourceTree = "<group>"; };
		DC11A7B11C092FD300FD54C3 /* ChargerDetailViewController.swift */ = {isa = PBXFileReference; fileEncoding = 4; lastKnownFileType = sourcecode.swift; path = ChargerDetailViewController.swift; sourceTree = "<group>"; };
		DC14111D1CC00D7600F68C83 /* InfoPlist.strings */ = {isa = PBXFileReference; lastKnownFileType = text.plist.strings; path = InfoPlist.strings; sourceTree = "<group>"; };
		DC14111F1CC00D9500F68C83 /* InfoPlist.strings */ = {isa = PBXFileReference; lastKnownFileType = text.plist.strings; path = InfoPlist.strings; sourceTree = "<group>"; };
		DC1411211CC00DAF00F68C83 /* InfoPlist.strings */ = {isa = PBXFileReference; lastKnownFileType = text.plist.strings; path = InfoPlist.strings; sourceTree = "<group>"; };
		DC1411231CC00DC300F68C83 /* InfoPlist.strings */ = {isa = PBXFileReference; lastKnownFileType = text.plist.strings; path = InfoPlist.strings; sourceTree = "<group>"; };
		DC1411281CC00DEE00F68C83 /* nb */ = {isa = PBXFileReference; lastKnownFileType = text.plist.strings; name = nb; path = nb.lproj/InfoPlist.strings; sourceTree = "<group>"; };
		DC14112D1CC00DEE00F68C83 /* nb */ = {isa = PBXFileReference; lastKnownFileType = text.plist.strings; name = nb; path = nb.lproj/Localizable.strings; sourceTree = "<group>"; };
		DC1A2DF11CB6D69400C2C01F /* Base */ = {isa = PBXFileReference; lastKnownFileType = file.xib; name = Base; path = Base.lproj/ChargerDetailViewController.xib; sourceTree = "<group>"; };
		DC1ED15F1BE29572007C09D1 /* SparkMap.app */ = {isa = PBXFileReference; explicitFileType = wrapper.application; includeInIndex = 0; path = SparkMap.app; sourceTree = BUILT_PRODUCTS_DIR; };
		DC1ED1621BE29572007C09D1 /* AppDelegate.swift */ = {isa = PBXFileReference; lastKnownFileType = sourcecode.swift; path = AppDelegate.swift; sourceTree = "<group>"; };
		DC1ED1641BE29572007C09D1 /* ViewController.swift */ = {isa = PBXFileReference; lastKnownFileType = sourcecode.swift; path = ViewController.swift; sourceTree = "<group>"; };
		DC1ED1671BE29572007C09D1 /* Base */ = {isa = PBXFileReference; lastKnownFileType = file.storyboard; name = Base; path = Base.lproj/Main.storyboard; sourceTree = "<group>"; };
		DC1ED16A1BE29572007C09D1 /* Spark.xcdatamodel */ = {isa = PBXFileReference; lastKnownFileType = wrapper.xcdatamodel; path = Spark.xcdatamodel; sourceTree = "<group>"; };
		DC1ED16C1BE29572007C09D1 /* Assets.xcassets */ = {isa = PBXFileReference; lastKnownFileType = folder.assetcatalog; path = Assets.xcassets; sourceTree = "<group>"; };
		DC1ED16F1BE29572007C09D1 /* Base */ = {isa = PBXFileReference; lastKnownFileType = file.storyboard; name = Base; path = Base.lproj/LaunchScreen.storyboard; sourceTree = "<group>"; };
		DC1ED1711BE29572007C09D1 /* Info.plist */ = {isa = PBXFileReference; lastKnownFileType = text.plist.xml; path = Info.plist; sourceTree = "<group>"; };
		DC1ED1761BE29572007C09D1 /* SparkMap.xctest */ = {isa = PBXFileReference; explicitFileType = wrapper.cfbundle; includeInIndex = 0; path = SparkMap.xctest; sourceTree = BUILT_PRODUCTS_DIR; };
		DC1ED17A1BE29572007C09D1 /* SparkTests.swift */ = {isa = PBXFileReference; lastKnownFileType = sourcecode.swift; path = SparkTests.swift; sourceTree = "<group>"; };
		DC1ED17C1BE29572007C09D1 /* Info.plist */ = {isa = PBXFileReference; lastKnownFileType = text.plist.xml; path = Info.plist; sourceTree = "<group>"; };
		DC1ED1811BE29572007C09D1 /* SparkMap.xctest */ = {isa = PBXFileReference; explicitFileType = wrapper.cfbundle; includeInIndex = 0; path = SparkMap.xctest; sourceTree = BUILT_PRODUCTS_DIR; };
		DC1ED1851BE29572007C09D1 /* SparkUITests.swift */ = {isa = PBXFileReference; lastKnownFileType = sourcecode.swift; path = SparkUITests.swift; sourceTree = "<group>"; };
		DC1ED1871BE29572007C09D1 /* Info.plist */ = {isa = PBXFileReference; lastKnownFileType = text.plist.xml; path = Info.plist; sourceTree = "<group>"; };
		DC1ED1931BE296A4007C09D1 /* Spark.entitlements */ = {isa = PBXFileReference; lastKnownFileType = text.xml; path = Spark.entitlements; sourceTree = "<group>"; };
		DC207DFD1D247F6F00841E38 /* InfoPlist.strings */ = {isa = PBXFileReference; lastKnownFileType = text.plist.strings; path = InfoPlist.strings; sourceTree = "<group>"; };
		DC207DFF1D247FE800841E38 /* InfoPlist.strings */ = {isa = PBXFileReference; lastKnownFileType = text.plist.strings; path = InfoPlist.strings; sourceTree = "<group>"; };
		DC207E011D24806F00841E38 /* InfoPlist.strings */ = {isa = PBXFileReference; lastKnownFileType = text.plist.strings; path = InfoPlist.strings; sourceTree = "<group>"; };
		DC207E031D24811A00841E38 /* InfoPlist.strings */ = {isa = PBXFileReference; lastKnownFileType = text.plist.strings; path = InfoPlist.strings; sourceTree = "<group>"; };
		DC24E35F1C5B83760070AC3E /* SwiftSpinner.swift */ = {isa = PBXFileReference; fileEncoding = 4; lastKnownFileType = sourcecode.swift; path = SwiftSpinner.swift; sourceTree = "<group>"; };
		DC2F421B1C68C4A300579F18 /* Spark v2.xcdatamodel */ = {isa = PBXFileReference; lastKnownFileType = wrapper.xcdatamodel; path = "Spark v2.xcdatamodel"; sourceTree = "<group>"; };
		DC394B5E1D28659C003D6C81 /* ClusterManager.swift */ = {isa = PBXFileReference; fileEncoding = 4; lastKnownFileType = sourcecode.swift; path = ClusterManager.swift; sourceTree = "<group>"; };
		DC394B5F1D28659C003D6C81 /* AnnotationClusterView.swift */ = {isa = PBXFileReference; fileEncoding = 4; lastKnownFileType = sourcecode.swift; path = AnnotationClusterView.swift; sourceTree = "<group>"; };
		DC394B601D28659C003D6C81 /* AnnotationCluster.swift */ = {isa = PBXFileReference; fileEncoding = 4; lastKnownFileType = sourcecode.swift; path = AnnotationCluster.swift; sourceTree = "<group>"; };
		DC3D5F461D286AAB001A7D71 /* QuadTreeNode.swift */ = {isa = PBXFileReference; fileEncoding = 4; lastKnownFileType = sourcecode.swift; path = QuadTreeNode.swift; sourceTree = "<group>"; };
		DC3D5F471D286AAB001A7D71 /* QuadTree.swift */ = {isa = PBXFileReference; fileEncoding = 4; lastKnownFileType = sourcecode.swift; path = QuadTree.swift; sourceTree = "<group>"; };
		DC3D5F481D286AAB001A7D71 /* BoundingBox.swift */ = {isa = PBXFileReference; fileEncoding = 4; lastKnownFileType = sourcecode.swift; path = BoundingBox.swift; sourceTree = "<group>"; };
		DC3D5F4C1D299494001A7D71 /* UserPreferenceHelper.swift */ = {isa = PBXFileReference; fileEncoding = 4; lastKnownFileType = sourcecode.swift; path = UserPreferenceHelper.swift; sourceTree = "<group>"; };
		DC46AC001D247E0000A5230F /* InfoPlist.strings */ = {isa = PBXFileReference; lastKnownFileType = text.plist.strings; path = InfoPlist.strings; sourceTree = "<group>"; };
		DC46AC021D247E5D00A5230F /* InfoPlist.strings */ = {isa = PBXFileReference; lastKnownFileType = text.plist.strings; path = InfoPlist.strings; sourceTree = "<group>"; };
		DC46AC041D247E7300A5230F /* InfoPlist.strings */ = {isa = PBXFileReference; lastKnownFileType = text.plist.strings; path = InfoPlist.strings; sourceTree = "<group>"; };
		DC46AC061D247EA800A5230F /* InfoPlist.strings */ = {isa = PBXFileReference; lastKnownFileType = text.plist.strings; path = InfoPlist.strings; sourceTree = "<group>"; };
		DC46AC081D247EFC00A5230F /* InfoPlist.strings */ = {isa = PBXFileReference; lastKnownFileType = text.plist.strings; path = InfoPlist.strings; sourceTree = "<group>"; };
		DC46AC0A1D247F1200A5230F /* InfoPlist.strings */ = {isa = PBXFileReference; lastKnownFileType = text.plist.strings; path = InfoPlist.strings; sourceTree = "<group>"; };
		DC46AC0C1D247F3800A5230F /* InfoPlist.strings */ = {isa = PBXFileReference; lastKnownFileType = text.plist.strings; path = InfoPlist.strings; sourceTree = "<group>"; };
		DC4EB7AB1BE9717800B75FFC /* NearbyTableViewCell.swift */ = {isa = PBXFileReference; fileEncoding = 4; lastKnownFileType = sourcecode.swift; path = NearbyTableViewCell.swift; sourceTree = "<group>"; };
		DC4EB7AC1BE9717800B75FFC /* NearbyTableViewCell.xib */ = {isa = PBXFileReference; fileEncoding = 4; lastKnownFileType = file.xib; path = NearbyTableViewCell.xib; sourceTree = "<group>"; };
		DC5FB4FA1CEFA254000E1F33 /* InfoPlist.strings */ = {isa = PBXFileReference; lastKnownFileType = text.plist.strings; path = InfoPlist.strings; sourceTree = "<group>"; };
		DC5FB4FC1CEFA296000E1F33 /* InfoPlist.strings */ = {isa = PBXFileReference; lastKnownFileType = text.plist.strings; path = InfoPlist.strings; sourceTree = "<group>"; };
		DC5FB4FE1CEFA35C000E1F33 /* InfoPlist.strings */ = {isa = PBXFileReference; lastKnownFileType = text.plist.strings; path = InfoPlist.strings; sourceTree = "<group>"; };
		DC5FB5001CEFA407000E1F33 /* InfoPlist.strings */ = {isa = PBXFileReference; lastKnownFileType = text.plist.strings; path = InfoPlist.strings; sourceTree = "<group>"; };
		DC5FB5051CEFA43A000E1F33 /* nb */ = {isa = PBXFileReference; lastKnownFileType = text.plist.strings; name = nb; path = nb.lproj/CommentsListViewController.strings; sourceTree = "<group>"; };
		DC5FB5061CEFA4B3000E1F33 /* InfoPlist.strings */ = {isa = PBXFileReference; lastKnownFileType = text.plist.strings; path = InfoPlist.strings; sourceTree = "<group>"; };
		DC5FB5081CEFA563000E1F33 /* InfoPlist.strings */ = {isa = PBXFileReference; lastKnownFileType = text.plist.strings; path = InfoPlist.strings; sourceTree = "<group>"; };
		DC5FB50A1CEFA60B000E1F33 /* InfoPlist.strings */ = {isa = PBXFileReference; lastKnownFileType = text.plist.strings; path = InfoPlist.strings; sourceTree = "<group>"; };
		DC68F6691BE345B4000EFFF4 /* ChargerPrimary+CoreDataProperties.swift */ = {isa = PBXFileReference; fileEncoding = 4; lastKnownFileType = sourcecode.swift; path = "ChargerPrimary+CoreDataProperties.swift"; sourceTree = "<group>"; };
		DC68F66A1BE345B4000EFFF4 /* ChargerPrimary.swift */ = {isa = PBXFileReference; fileEncoding = 4; lastKnownFileType = sourcecode.swift; path = ChargerPrimary.swift; sourceTree = "<group>"; };
		DC68F66D1BE345B4000EFFF4 /* ChargerDetails+CoreDataProperties.swift */ = {isa = PBXFileReference; fileEncoding = 4; lastKnownFileType = sourcecode.swift; path = "ChargerDetails+CoreDataProperties.swift"; sourceTree = "<group>"; };
		DC68F66E1BE345B4000EFFF4 /* ChargerDetails.swift */ = {isa = PBXFileReference; fileEncoding = 4; lastKnownFileType = sourcecode.swift; path = ChargerDetails.swift; sourceTree = "<group>"; };
		DC68F66F1BE345B4000EFFF4 /* Connection+CoreDataProperties.swift */ = {isa = PBXFileReference; fileEncoding = 4; lastKnownFileType = sourcecode.swift; path = "Connection+CoreDataProperties.swift"; sourceTree = "<group>"; };
		DC68F6701BE345B4000EFFF4 /* Connection.swift */ = {isa = PBXFileReference; fileEncoding = 4; lastKnownFileType = sourcecode.swift; path = Connection.swift; sourceTree = "<group>"; };
		DC68F6711BE345B4000EFFF4 /* Comment+CoreDataProperties.swift */ = {isa = PBXFileReference; fileEncoding = 4; lastKnownFileType = sourcecode.swift; path = "Comment+CoreDataProperties.swift"; sourceTree = "<group>"; };
		DC68F6721BE345B4000EFFF4 /* Comment.swift */ = {isa = PBXFileReference; fileEncoding = 4; lastKnownFileType = sourcecode.swift; path = Comment.swift; sourceTree = "<group>"; };
		DC68F6811BE34B11000EFFF4 /* ChargerOperator+CoreDataProperties.swift */ = {isa = PBXFileReference; fileEncoding = 4; lastKnownFileType = sourcecode.swift; path = "ChargerOperator+CoreDataProperties.swift"; sourceTree = "<group>"; };
		DC68F6821BE34B11000EFFF4 /* ChargerOperator.swift */ = {isa = PBXFileReference; fileEncoding = 4; lastKnownFileType = sourcecode.swift; path = ChargerOperator.swift; sourceTree = "<group>"; };
		DC68F6851BE34C23000EFFF4 /* MapViewController.swift */ = {isa = PBXFileReference; fileEncoding = 4; lastKnownFileType = sourcecode.swift; path = MapViewController.swift; sourceTree = "<group>"; };
		DC7830CB1CE9C79A005B315E /* CommentsListViewController.swift */ = {isa = PBXFileReference; fileEncoding = 4; lastKnownFileType = sourcecode.swift; path = CommentsListViewController.swift; sourceTree = "<group>"; };
		DC7830CF1CE9D8FE005B315E /* CommentTableViewCell.swift */ = {isa = PBXFileReference; fileEncoding = 4; lastKnownFileType = sourcecode.swift; path = CommentTableViewCell.swift; sourceTree = "<group>"; };
		DC7830D01CE9D8FE005B315E /* CommentTableViewCell.xib */ = {isa = PBXFileReference; fileEncoding = 4; lastKnownFileType = file.xib; path = CommentTableViewCell.xib; sourceTree = "<group>"; };
		DC78F2221CC028A0009FF03E /* InfoPlist.strings */ = {isa = PBXFileReference; lastKnownFileType = text.plist.strings; path = InfoPlist.strings; sourceTree = "<group>"; };
		DC78F2241CC028BE009FF03E /* InfoPlist.strings */ = {isa = PBXFileReference; lastKnownFileType = text.plist.strings; path = InfoPlist.strings; sourceTree = "<group>"; };
		DC792C951CC18CEA003667BC /* InfoPlist.strings */ = {isa = PBXFileReference; lastKnownFileType = text.plist.strings; path = InfoPlist.strings; sourceTree = "<group>"; };
		DC792C971CC2A10A003667BC /* InfoPlist.strings */ = {isa = PBXFileReference; lastKnownFileType = text.plist.strings; path = InfoPlist.strings; sourceTree = "<group>"; };
		DC7C0ED01CEA093400DBC7A1 /* Spark v6.xcdatamodel */ = {isa = PBXFileReference; lastKnownFileType = wrapper.xcdatamodel; path = "Spark v6.xcdatamodel"; sourceTree = "<group>"; };
		DC7C51CA1D1C86B40065862B /* ChargingStationPhotoViewController.swift */ = {isa = PBXFileReference; fileEncoding = 4; lastKnownFileType = sourcecode.swift; path = ChargingStationPhotoViewController.swift; sourceTree = "<group>"; };
		DC7C51CB1D1C86B40065862B /* ChargingStationPhotoViewController.xib */ = {isa = PBXFileReference; fileEncoding = 4; lastKnownFileType = file.xib; path = ChargingStationPhotoViewController.xib; sourceTree = "<group>"; };
		DC7C8C5E1C7F38EE003D5C37 /* LastDataUpdateLocationSingelton.swift */ = {isa = PBXFileReference; fileEncoding = 4; lastKnownFileType = sourcecode.swift; path = LastDataUpdateLocationSingelton.swift; sourceTree = "<group>"; };
		DC7C8C601C7F3A06003D5C37 /* DistanceToLocationManager.swift */ = {isa = PBXFileReference; fileEncoding = 4; lastKnownFileType = sourcecode.swift; path = DistanceToLocationManager.swift; sourceTree = "<group>"; };
		DC7F78FF1CC006EA006CBD42 /* InfoPlist.strings */ = {isa = PBXFileReference; lastKnownFileType = text.plist.strings; path = InfoPlist.strings; sourceTree = "<group>"; };
		DC7F79011CC006F8006CBD42 /* InfoPlist.strings */ = {isa = PBXFileReference; lastKnownFileType = text.plist.strings; path = InfoPlist.strings; sourceTree = "<group>"; };
		DC7F79031CC00710006CBD42 /* InfoPlist.strings */ = {isa = PBXFileReference; lastKnownFileType = text.plist.strings; path = InfoPlist.strings; sourceTree = "<group>"; };
		DC81E47C1D172D750013A22F /* ChargerImageHelper.swift */ = {isa = PBXFileReference; fileEncoding = 4; lastKnownFileType = sourcecode.swift; path = ChargerImageHelper.swift; sourceTree = "<group>"; };
		DC85CABB1C5A137700AB2786 /* ConnectionTableViewCell.swift */ = {isa = PBXFileReference; fileEncoding = 4; lastKnownFileType = sourcecode.swift; path = ConnectionTableViewCell.swift; sourceTree = "<group>"; };
		DC85CABC1C5A137700AB2786 /* ConnectionTableViewCell.xib */ = {isa = PBXFileReference; fileEncoding = 4; lastKnownFileType = file.xib; path = ConnectionTableViewCell.xib; sourceTree = "<group>"; };
		DC8961CD1CD404C700F8145A /* InfoPlist.strings */ = {isa = PBXFileReference; lastKnownFileType = text.plist.strings; path = InfoPlist.strings; sourceTree = "<group>"; };
		DC9479B81CD3F98F0024E3C6 /* InfoPlist.strings */ = {isa = PBXFileReference; lastKnownFileType = text.plist.strings; path = InfoPlist.strings; sourceTree = "<group>"; };
		DCA6144A1D25780000998E49 /* InfoPlist.strings */ = {isa = PBXFileReference; lastKnownFileType = text.plist.strings; path = InfoPlist.strings; sourceTree = "<group>"; };
		DCA6144C1D25789F00998E49 /* InfoPlist.strings */ = {isa = PBXFileReference; lastKnownFileType = text.plist.strings; path = InfoPlist.strings; sourceTree = "<group>"; };
		DCA6144E1D2578DA00998E49 /* InfoPlist.strings */ = {isa = PBXFileReference; lastKnownFileType = text.plist.strings; path = InfoPlist.strings; sourceTree = "<group>"; };
		DCA614501D25792400998E49 /* InfoPlist.strings */ = {isa = PBXFileReference; lastKnownFileType = text.plist.strings; path = InfoPlist.strings; sourceTree = "<group>"; };
		DCAA484A1CC0027800114FF2 /* nb */ = {isa = PBXFileReference; lastKnownFileType = text.plist.strings; name = nb; path = nb.lproj/Main.strings; sourceTree = "<group>"; };
		DCAA484B1CC0027800114FF2 /* nb */ = {isa = PBXFileReference; lastKnownFileType = text.plist.strings; name = nb; path = nb.lproj/LaunchScreen.strings; sourceTree = "<group>"; };
		DCAA484C1CC0027800114FF2 /* nb */ = {isa = PBXFileReference; lastKnownFileType = text.plist.strings; name = nb; path = nb.lproj/ChargerDetailViewController.strings; sourceTree = "<group>"; };
		DCABF7A01C77CAB000B9FEE2 /* Spark v 3.xcdatamodel */ = {isa = PBXFileReference; lastKnownFileType = wrapper.xcdatamodel; path = "Spark v 3.xcdatamodel"; sourceTree = "<group>"; };
		DCAFABCC1CC679B200C637BE /* MapCoordinateSpanSingelton.swift */ = {isa = PBXFileReference; fileEncoding = 4; lastKnownFileType = sourcecode.swift; path = MapCoordinateSpanSingelton.swift; sourceTree = "<group>"; };
		DCB3E2351BE65102003AB6C9 /* LocationManager.swift */ = {isa = PBXFileReference; fileEncoding = 4; lastKnownFileType = sourcecode.swift; path = LocationManager.swift; sourceTree = "<group>"; };
		DCC4274B1D3673B600CAFD3E /* WelcomePageViewController.swift */ = {isa = PBXFileReference; fileEncoding = 4; lastKnownFileType = sourcecode.swift; path = WelcomePageViewController.swift; sourceTree = "<group>"; };
		DCC4274D1D367AE100CAFD3E /* WelcomeZeroViewController.swift */ = {isa = PBXFileReference; fileEncoding = 4; lastKnownFileType = sourcecode.swift; path = WelcomeZeroViewController.swift; sourceTree = "<group>"; };
		DCC4274F1D367B0900CAFD3E /* WelcomeOneViewController.swift */ = {isa = PBXFileReference; fileEncoding = 4; lastKnownFileType = sourcecode.swift; path = WelcomeOneViewController.swift; sourceTree = "<group>"; };
		DCC427511D367C6100CAFD3E /* WelcomeTwoViewController.swift */ = {isa = PBXFileReference; fileEncoding = 4; lastKnownFileType = sourcecode.swift; path = WelcomeTwoViewController.swift; sourceTree = "<group>"; };
		DCC427531D36B33300CAFD3E /* WelcomeThreeViewController.swift */ = {isa = PBXFileReference; fileEncoding = 4; lastKnownFileType = sourcecode.swift; path = WelcomeThreeViewController.swift; sourceTree = "<group>"; };
		DCC427551D36E63400CAFD3E /* Spark v7.xcdatamodel */ = {isa = PBXFileReference; lastKnownFileType = wrapper.xcdatamodel; path = "Spark v7.xcdatamodel"; sourceTree = "<group>"; };
		DCC427571D37A8EC00CAFD3E /* Base */ = {isa = PBXFileReference; lastKnownFileType = file.storyboard; name = Base; path = Base.lproj/WelcomeStoryboard.storyboard; sourceTree = "<group>"; };
		DCC427591D3BEF0C00CAFD3E /* WelcomeFourViewController.swift */ = {isa = PBXFileReference; fileEncoding = 4; lastKnownFileType = sourcecode.swift; path = WelcomeFourViewController.swift; sourceTree = "<group>"; };
		DCC862BB1C634FE0001E0049 /* MapCenterCoordinateSingelton.swift */ = {isa = PBXFileReference; fileEncoding = 4; lastKnownFileType = sourcecode.swift; path = MapCenterCoordinateSingelton.swift; sourceTree = "<group>"; };
		DCCAC3321D257946007B334D /* InfoPlist.strings */ = {isa = PBXFileReference; lastKnownFileType = text.plist.strings; path = InfoPlist.strings; sourceTree = "<group>"; };
		DCCAC3371D2579BA007B334D /* nb */ = {isa = PBXFileReference; lastKnownFileType = text.plist.strings; name = nb; path = nb.lproj/InfoPlist.strings; sourceTree = "<group>"; };
		DCCD91D21CD29DA000C571B8 /* Spark v5.xcdatamodel */ = {isa = PBXFileReference; lastKnownFileType = wrapper.xcdatamodel; path = "Spark v5.xcdatamodel"; sourceTree = "<group>"; };
		DCCF429C1CEFA007008DC094 /* Base */ = {isa = PBXFileReference; lastKnownFileType = file.xib; name = Base; path = Base.lproj/CommentsListViewController.xib; sourceTree = "<group>"; };
		DCCF429E1CEFA064008DC094 /* InfoPlist.strings */ = {isa = PBXFileReference; lastKnownFileType = text.plist.strings; path = InfoPlist.strings; sourceTree = "<group>"; };
		DCCF42A01CEFA15C008DC094 /* InfoPlist.strings */ = {isa = PBXFileReference; lastKnownFileType = text.plist.strings; path = InfoPlist.strings; sourceTree = "<group>"; };
		DCCF42A21CEFA172008DC094 /* InfoPlist.strings */ = {isa = PBXFileReference; lastKnownFileType = text.plist.strings; path = InfoPlist.strings; sourceTree = "<group>"; };
		DCCF42A41CEFA190008DC094 /* InfoPlist.strings */ = {isa = PBXFileReference; lastKnownFileType = text.plist.strings; path = InfoPlist.strings; sourceTree = "<group>"; };
		DCCF42A61CEFA1D1008DC094 /* InfoPlist.strings */ = {isa = PBXFileReference; lastKnownFileType = text.plist.strings; path = InfoPlist.strings; sourceTree = "<group>"; };
		DCCF42A81CEFA1F8008DC094 /* InfoPlist.strings */ = {isa = PBXFileReference; lastKnownFileType = text.plist.strings; path = InfoPlist.strings; sourceTree = "<group>"; };
		DCCF42AA1CEFA214008DC094 /* InfoPlist.strings */ = {isa = PBXFileReference; lastKnownFileType = text.plist.strings; path = InfoPlist.strings; sourceTree = "<group>"; };
		DCD04B771CA1D2A200D7F280 /* UserPhotoSubmissionManager.swift */ = {isa = PBXFileReference; fileEncoding = 4; lastKnownFileType = sourcecode.swift; path = UserPhotoSubmissionManager.swift; sourceTree = "<group>"; };
		DCD7983A1BE5814F00C62863 /* AnnotationCharger.swift */ = {isa = PBXFileReference; fileEncoding = 4; lastKnownFileType = sourcecode.swift; path = AnnotationCharger.swift; sourceTree = "<group>"; };
		DCDC2C361C613A42004BEF91 /* SettingsViewController.swift */ = {isa = PBXFileReference; fileEncoding = 4; lastKnownFileType = sourcecode.swift; path = SettingsViewController.swift; sourceTree = "<group>"; };
		DCE27F431D15C811004F5702 /* InfoPlist.strings */ = {isa = PBXFileReference; lastKnownFileType = text.plist.strings; path = InfoPlist.strings; sourceTree = "<group>"; };
		DCF1F2C31CC004760045EA77 /* InfoPlist.strings */ = {isa = PBXFileReference; lastKnownFileType = text.plist.strings; path = InfoPlist.strings; sourceTree = "<group>"; };
		DCFD74241D271541006BEBE0 /* LastDataDownloadTimeSingelton.swift */ = {isa = PBXFileReference; fileEncoding = 4; lastKnownFileType = sourcecode.swift; path = LastDataDownloadTimeSingelton.swift; sourceTree = "<group>"; };
		DCFDBFD91BE3E6E10011D191 /* DataManager.swift */ = {isa = PBXFileReference; fileEncoding = 4; lastKnownFileType = sourcecode.swift; path = DataManager.swift; sourceTree = "<group>"; };
/* End PBXFileReference section */

/* Begin PBXFrameworksBuildPhase section */
		DC1ED15C1BE29572007C09D1 /* Frameworks */ = {
			isa = PBXFrameworksBuildPhase;
			buildActionMask = 2147483647;
			files = (
			);
			runOnlyForDeploymentPostprocessing = 0;
		};
		DC1ED1731BE29572007C09D1 /* Frameworks */ = {
			isa = PBXFrameworksBuildPhase;
			buildActionMask = 2147483647;
			files = (
			);
			runOnlyForDeploymentPostprocessing = 0;
		};
		DC1ED17E1BE29572007C09D1 /* Frameworks */ = {
			isa = PBXFrameworksBuildPhase;
			buildActionMask = 2147483647;
			files = (
			);
			runOnlyForDeploymentPostprocessing = 0;
		};
/* End PBXFrameworksBuildPhase section */

/* Begin PBXGroup section */
		DC1ED1561BE29572007C09D1 = {
			isa = PBXGroup;
			children = (
				DC1ED1611BE29572007C09D1 /* Spark */,
				DC1ED1791BE29572007C09D1 /* SparkTests */,
				DC1ED1841BE29572007C09D1 /* SparkUITests */,
				DC1ED1601BE29572007C09D1 /* Products */,
			);
			sourceTree = "<group>";
		};
		DC1ED1601BE29572007C09D1 /* Products */ = {
			isa = PBXGroup;
			children = (
				DC1ED15F1BE29572007C09D1 /* SparkMap.app */,
				DC1ED1761BE29572007C09D1 /* SparkMap.xctest */,
				DC1ED1811BE29572007C09D1 /* SparkMap.xctest */,
			);
			name = Products;
			sourceTree = "<group>";
		};
		DC1ED1611BE29572007C09D1 /* Spark */ = {
			isa = PBXGroup;
			children = (
				DC3D5F461D286AAB001A7D71 /* QuadTreeNode.swift */,
				DC3D5F471D286AAB001A7D71 /* QuadTree.swift */,
				DC3D5F481D286AAB001A7D71 /* BoundingBox.swift */,
				DC394B5E1D28659C003D6C81 /* ClusterManager.swift */,
				DC394B5F1D28659C003D6C81 /* AnnotationClusterView.swift */,
				DC394B601D28659C003D6C81 /* AnnotationCluster.swift */,
				DC14112E1CC00DEE00F68C83 /* Localizable.strings */,
				DC68F6811BE34B11000EFFF4 /* ChargerOperator+CoreDataProperties.swift */,
				DC68F6821BE34B11000EFFF4 /* ChargerOperator.swift */,
				DC68F6691BE345B4000EFFF4 /* ChargerPrimary+CoreDataProperties.swift */,
				DC68F66A1BE345B4000EFFF4 /* ChargerPrimary.swift */,
				DC68F66D1BE345B4000EFFF4 /* ChargerDetails+CoreDataProperties.swift */,
				DC68F66E1BE345B4000EFFF4 /* ChargerDetails.swift */,
				DC68F66F1BE345B4000EFFF4 /* Connection+CoreDataProperties.swift */,
				DC68F6701BE345B4000EFFF4 /* Connection.swift */,
				DC68F6711BE345B4000EFFF4 /* Comment+CoreDataProperties.swift */,
				DC68F6721BE345B4000EFFF4 /* Comment.swift */,
				DC1ED1931BE296A4007C09D1 /* Spark.entitlements */,
				DC1ED1621BE29572007C09D1 /* AppDelegate.swift */,
				DC1ED1641BE29572007C09D1 /* ViewController.swift */,
				DC1ED1661BE29572007C09D1 /* Main.storyboard */,
				DC1ED16C1BE29572007C09D1 /* Assets.xcassets */,
				DC1ED16E1BE29572007C09D1 /* LaunchScreen.storyboard */,
				DC1ED1711BE29572007C09D1 /* Info.plist */,
				DC1ED1691BE29572007C09D1 /* Spark.xcdatamodeld */,
				DC68F6851BE34C23000EFFF4 /* MapViewController.swift */,
				DC394B591D286490003D6C81 /* Utils */,
				DC0238851BE4497B0060F4B8 /* Settings.bundle */,
				DCD7983A1BE5814F00C62863 /* AnnotationCharger.swift */,
				DC4EB7AB1BE9717800B75FFC /* NearbyTableViewCell.swift */,
				DC4EB7AC1BE9717800B75FFC /* NearbyTableViewCell.xib */,
				DC11A7B11C092FD300FD54C3 /* ChargerDetailViewController.swift */,
				DC7830CB1CE9C79A005B315E /* CommentsListViewController.swift */,
				DCCF429D1CEFA007008DC094 /* CommentsListViewController.xib */,
				DC1A2DF21CB6D69400C2C01F /* ChargerDetailViewController.xib */,
				DC85CABB1C5A137700AB2786 /* ConnectionTableViewCell.swift */,
				DC85CABC1C5A137700AB2786 /* ConnectionTableViewCell.xib */,
				DC7830CF1CE9D8FE005B315E /* CommentTableViewCell.swift */,
				DC7830D01CE9D8FE005B315E /* CommentTableViewCell.xib */,
				DC394B581D28641C003D6C81 /* Spinner */,
				DCDC2C361C613A42004BEF91 /* SettingsViewController.swift */,
				DC394B571D286408003D6C81 /* Singeltons */,
				DC7C51CA1D1C86B40065862B /* ChargingStationPhotoViewController.swift */,
				DC7C51CB1D1C86B40065862B /* ChargingStationPhotoViewController.xib */,
				DCC427581D37A8EC00CAFD3E /* WelcomeStoryboard.storyboard */,
				DCC4274B1D3673B600CAFD3E /* WelcomePageViewController.swift */,
				DCC4274D1D367AE100CAFD3E /* WelcomeZeroViewController.swift */,
				DCC4274F1D367B0900CAFD3E /* WelcomeOneViewController.swift */,
				DCC427511D367C6100CAFD3E /* WelcomeTwoViewController.swift */,
				DCC427531D36B33300CAFD3E /* WelcomeThreeViewController.swift */,
				DCC427591D3BEF0C00CAFD3E /* WelcomeFourViewController.swift */,
			);
			path = Spark;
			sourceTree = "<group>";
		};
		DC1ED1791BE29572007C09D1 /* SparkTests */ = {
			isa = PBXGroup;
			children = (
				DCCAC3381D2579BA007B334D /* InfoPlist.strings */,
				DCCAC3321D257946007B334D /* InfoPlist.strings */,
				DCA614501D25792400998E49 /* InfoPlist.strings */,
				DCA6144E1D2578DA00998E49 /* InfoPlist.strings */,
				DCA6144C1D25789F00998E49 /* InfoPlist.strings */,
				DCA6144A1D25780000998E49 /* InfoPlist.strings */,
				DC207E031D24811A00841E38 /* InfoPlist.strings */,
				DC207E011D24806F00841E38 /* InfoPlist.strings */,
				DC207DFF1D247FE800841E38 /* InfoPlist.strings */,
				DC207DFD1D247F6F00841E38 /* InfoPlist.strings */,
				DC46AC0C1D247F3800A5230F /* InfoPlist.strings */,
				DC46AC0A1D247F1200A5230F /* InfoPlist.strings */,
				DC46AC081D247EFC00A5230F /* InfoPlist.strings */,
				DC46AC061D247EA800A5230F /* InfoPlist.strings */,
				DC46AC041D247E7300A5230F /* InfoPlist.strings */,
				DC46AC021D247E5D00A5230F /* InfoPlist.strings */,
				DC46AC001D247E0000A5230F /* InfoPlist.strings */,
				DCE27F431D15C811004F5702 /* InfoPlist.strings */,
				DC5FB50A1CEFA60B000E1F33 /* InfoPlist.strings */,
				DC5FB5081CEFA563000E1F33 /* InfoPlist.strings */,
				DC5FB5061CEFA4B3000E1F33 /* InfoPlist.strings */,
				DC5FB5001CEFA407000E1F33 /* InfoPlist.strings */,
				DC5FB4FE1CEFA35C000E1F33 /* InfoPlist.strings */,
				DC5FB4FC1CEFA296000E1F33 /* InfoPlist.strings */,
				DC5FB4FA1CEFA254000E1F33 /* InfoPlist.strings */,
				DCCF42AA1CEFA214008DC094 /* InfoPlist.strings */,
				DCCF42A81CEFA1F8008DC094 /* InfoPlist.strings */,
				DCCF42A61CEFA1D1008DC094 /* InfoPlist.strings */,
				DCCF42A41CEFA190008DC094 /* InfoPlist.strings */,
				DCCF42A21CEFA172008DC094 /* InfoPlist.strings */,
				DCCF42A01CEFA15C008DC094 /* InfoPlist.strings */,
				DCCF429E1CEFA064008DC094 /* InfoPlist.strings */,
				DC8961CD1CD404C700F8145A /* InfoPlist.strings */,
				DC9479B81CD3F98F0024E3C6 /* InfoPlist.strings */,
				DC792C971CC2A10A003667BC /* InfoPlist.strings */,
				DC792C951CC18CEA003667BC /* InfoPlist.strings */,
				DC78F2241CC028BE009FF03E /* InfoPlist.strings */,
				DC78F2221CC028A0009FF03E /* InfoPlist.strings */,
				DC1ED17A1BE29572007C09D1 /* SparkTests.swift */,
				DC1ED17C1BE29572007C09D1 /* Info.plist */,
			);
			path = SparkTests;
			sourceTree = "<group>";
		};
		DC1ED1841BE29572007C09D1 /* SparkUITests */ = {
			isa = PBXGroup;
			children = (
				DC1411291CC00DEE00F68C83 /* InfoPlist.strings */,
				DC1411231CC00DC300F68C83 /* InfoPlist.strings */,
				DC1411211CC00DAF00F68C83 /* InfoPlist.strings */,
				DC14111F1CC00D9500F68C83 /* InfoPlist.strings */,
				DC14111D1CC00D7600F68C83 /* InfoPlist.strings */,
				DC7F79031CC00710006CBD42 /* InfoPlist.strings */,
				DC7F79011CC006F8006CBD42 /* InfoPlist.strings */,
				DC7F78FF1CC006EA006CBD42 /* InfoPlist.strings */,
				DCF1F2C31CC004760045EA77 /* InfoPlist.strings */,
				DC1ED1851BE29572007C09D1 /* SparkUITests.swift */,
				DC1ED1871BE29572007C09D1 /* Info.plist */,
			);
			path = SparkUITests;
			sourceTree = "<group>";
		};
		DC394B571D286408003D6C81 /* Singeltons */ = {
			isa = PBXGroup;
			children = (
				DCC862BB1C634FE0001E0049 /* MapCenterCoordinateSingelton.swift */,
				DC7C8C5E1C7F38EE003D5C37 /* LastDataUpdateLocationSingelton.swift */,
				DCAFABCC1CC679B200C637BE /* MapCoordinateSpanSingelton.swift */,
				DCFD74241D271541006BEBE0 /* LastDataDownloadTimeSingelton.swift */,
			);
			name = Singeltons;
			sourceTree = "<group>";
		};
		DC394B581D28641C003D6C81 /* Spinner */ = {
			isa = PBXGroup;
			children = (
				DC24E35F1C5B83760070AC3E /* SwiftSpinner.swift */,
			);
			name = Spinner;
			sourceTree = "<group>";
		};
		DC394B591D286490003D6C81 /* Utils */ = {
			isa = PBXGroup;
			children = (
				DCFDBFD91BE3E6E10011D191 /* DataManager.swift */,
				DCB3E2351BE65102003AB6C9 /* LocationManager.swift */,
				DC7C8C601C7F3A06003D5C37 /* DistanceToLocationManager.swift */,
				DCD04B771CA1D2A200D7F280 /* UserPhotoSubmissionManager.swift */,
				DC81E47C1D172D750013A22F /* ChargerImageHelper.swift */,
				DC3D5F4C1D299494001A7D71 /* UserPreferenceHelper.swift */,
			);
			name = Utils;
			sourceTree = "<group>";
		};
/* End PBXGroup section */

/* Begin PBXNativeTarget section */
		DC1ED15E1BE29572007C09D1 /* SparkMap */ = {
			isa = PBXNativeTarget;
			buildConfigurationList = DC1ED18A1BE29572007C09D1 /* Build configuration list for PBXNativeTarget "SparkMap" */;
			buildPhases = (
				DC1ED15B1BE29572007C09D1 /* Sources */,
				DC1ED15C1BE29572007C09D1 /* Frameworks */,
				DC1ED15D1BE29572007C09D1 /* Resources */,
			);
			buildRules = (
			);
			dependencies = (
			);
			name = SparkMap;
			productName = Spark;
			productReference = DC1ED15F1BE29572007C09D1 /* SparkMap.app */;
			productType = "com.apple.product-type.application";
		};
		DC1ED1751BE29572007C09D1 /* SparkMapTests */ = {
			isa = PBXNativeTarget;
			buildConfigurationList = DC1ED18D1BE29572007C09D1 /* Build configuration list for PBXNativeTarget "SparkMapTests" */;
			buildPhases = (
				DC1ED1721BE29572007C09D1 /* Sources */,
				DC1ED1731BE29572007C09D1 /* Frameworks */,
				DC1ED1741BE29572007C09D1 /* Resources */,
			);
			buildRules = (
			);
			dependencies = (
				DC1ED1781BE29572007C09D1 /* PBXTargetDependency */,
			);
			name = SparkMapTests;
			productName = SparkTests;
			productReference = DC1ED1761BE29572007C09D1 /* SparkMap.xctest */;
			productType = "com.apple.product-type.bundle.unit-test";
		};
		DC1ED1801BE29572007C09D1 /* SparkMapUITests */ = {
			isa = PBXNativeTarget;
			buildConfigurationList = DC1ED1901BE29572007C09D1 /* Build configuration list for PBXNativeTarget "SparkMapUITests" */;
			buildPhases = (
				DC1ED17D1BE29572007C09D1 /* Sources */,
				DC1ED17E1BE29572007C09D1 /* Frameworks */,
				DC1ED17F1BE29572007C09D1 /* Resources */,
			);
			buildRules = (
			);
			dependencies = (
				DC1ED1831BE29572007C09D1 /* PBXTargetDependency */,
			);
			name = SparkMapUITests;
			productName = SparkUITests;
			productReference = DC1ED1811BE29572007C09D1 /* SparkMap.xctest */;
			productType = "com.apple.product-type.bundle.ui-testing";
		};
/* End PBXNativeTarget section */

/* Begin PBXProject section */
		DC1ED1571BE29572007C09D1 /* Project object */ = {
			isa = PBXProject;
			attributes = {
				LastSwiftUpdateCheck = 0710;
				LastUpgradeCheck = 0730;
				ORGANIZATIONNAME = "Zygote Labs";
				TargetAttributes = {
					DC1ED15E1BE29572007C09D1 = {
						CreatedOnToolsVersion = 7.1;
						DevelopmentTeam = WAEHDX6R94;
						SystemCapabilities = {
							com.apple.iCloud = {
								enabled = 0;
							};
						};
					};
					DC1ED1751BE29572007C09D1 = {
						CreatedOnToolsVersion = 7.1;
						TestTargetID = DC1ED15E1BE29572007C09D1;
					};
					DC1ED1801BE29572007C09D1 = {
						CreatedOnToolsVersion = 7.1;
						TestTargetID = DC1ED15E1BE29572007C09D1;
					};
				};
			};
			buildConfigurationList = DC1ED15A1BE29572007C09D1 /* Build configuration list for PBXProject "SparkMap" */;
			compatibilityVersion = "Xcode 3.2";
			developmentRegion = English;
			hasScannedForEncodings = 0;
			knownRegions = (
				en,
				Base,
				nb,
			);
			mainGroup = DC1ED1561BE29572007C09D1;
			productRefGroup = DC1ED1601BE29572007C09D1 /* Products */;
			projectDirPath = "";
			projectRoot = "";
			targets = (
				DC1ED15E1BE29572007C09D1 /* SparkMap */,
				DC1ED1751BE29572007C09D1 /* SparkMapTests */,
				DC1ED1801BE29572007C09D1 /* SparkMapUITests */,
			);
		};
/* End PBXProject section */

/* Begin PBXResourcesBuildPhase section */
		DC1ED15D1BE29572007C09D1 /* Resources */ = {
			isa = PBXResourcesBuildPhase;
			buildActionMask = 2147483647;
			files = (
				DC7C51CD1D1C86B40065862B /* ChargingStationPhotoViewController.xib in Resources */,
				DC0238861BE4497B0060F4B8 /* Settings.bundle in Resources */,
				DC85CABE1C5A137700AB2786 /* ConnectionTableViewCell.xib in Resources */,
				DC1ED1701BE29572007C09D1 /* LaunchScreen.storyboard in Resources */,
				DC1A2DF01CB6D69400C2C01F /* ChargerDetailViewController.xib in Resources */,
				DC4EB7AE1BE9717800B75FFC /* NearbyTableViewCell.xib in Resources */,
				DC14112C1CC00DEE00F68C83 /* Localizable.strings in Resources */,
				DCCF429B1CEFA007008DC094 /* CommentsListViewController.xib in Resources */,
				DCC427561D37A8EC00CAFD3E /* WelcomeStoryboard.storyboard in Resources */,
				DC1ED16D1BE29572007C09D1 /* Assets.xcassets in Resources */,
				DC7830D21CE9D8FE005B315E /* CommentTableViewCell.xib in Resources */,
				DC1ED1681BE29572007C09D1 /* Main.storyboard in Resources */,
			);
			runOnlyForDeploymentPostprocessing = 0;
		};
		DC1ED1741BE29572007C09D1 /* Resources */ = {
			isa = PBXResourcesBuildPhase;
			buildActionMask = 2147483647;
			files = (
				DC78F2231CC028A0009FF03E /* InfoPlist.strings in Resources */,
				DCCAC3361D2579BA007B334D /* InfoPlist.strings in Resources */,
			);
			runOnlyForDeploymentPostprocessing = 0;
		};
		DC1ED17F1BE29572007C09D1 /* Resources */ = {
			isa = PBXResourcesBuildPhase;
			buildActionMask = 2147483647;
			files = (
				DCF1F2C41CC004760045EA77 /* InfoPlist.strings in Resources */,
				DC1411241CC00DC300F68C83 /* InfoPlist.strings in Resources */,
				DC1411221CC00DAF00F68C83 /* InfoPlist.strings in Resources */,
				DC1411201CC00D9500F68C83 /* InfoPlist.strings in Resources */,
				DC7F79041CC00710006CBD42 /* InfoPlist.strings in Resources */,
				DC7F79021CC006F8006CBD42 /* InfoPlist.strings in Resources */,
				DC7F79001CC006EA006CBD42 /* InfoPlist.strings in Resources */,
				DC1411271CC00DEE00F68C83 /* InfoPlist.strings in Resources */,
				DC14111E1CC00D7600F68C83 /* InfoPlist.strings in Resources */,
			);
			runOnlyForDeploymentPostprocessing = 0;
		};
/* End PBXResourcesBuildPhase section */

/* Begin PBXSourcesBuildPhase section */
		DC1ED15B1BE29572007C09D1 /* Sources */ = {
			isa = PBXSourcesBuildPhase;
			buildActionMask = 2147483647;
			files = (
				DC1ED16B1BE29572007C09D1 /* Spark.xcdatamodeld in Sources */,
				DCB3E2361BE65102003AB6C9 /* LocationManager.swift in Sources */,
				DC7C8C611C7F3A06003D5C37 /* DistanceToLocationManager.swift in Sources */,
				DCFDBFDA1BE3E6E10011D191 /* DataManager.swift in Sources */,
				DC68F67A1BE345B4000EFFF4 /* Connection.swift in Sources */,
				DC4EB7AD1BE9717800B75FFC /* NearbyTableViewCell.swift in Sources */,
				DCC427501D367B0900CAFD3E /* WelcomeOneViewController.swift in Sources */,
				DCD04B781CA1D2A200D7F280 /* UserPhotoSubmissionManager.swift in Sources */,
				DC7C8C5F1C7F38EE003D5C37 /* LastDataUpdateLocationSingelton.swift in Sources */,
				DC7830CD1CE9C79A005B315E /* CommentsListViewController.swift in Sources */,
				DC3D5F4A1D286AAB001A7D71 /* QuadTree.swift in Sources */,
				DCC4274E1D367AE100CAFD3E /* WelcomeZeroViewController.swift in Sources */,
				DC3D5F4D1D299494001A7D71 /* UserPreferenceHelper.swift in Sources */,
				DC81E47D1D172D750013A22F /* ChargerImageHelper.swift in Sources */,
				DC68F6791BE345B4000EFFF4 /* Connection+CoreDataProperties.swift in Sources */,
				DC394B651D28659C003D6C81 /* ClusterManager.swift in Sources */,
				DC68F6741BE345B4000EFFF4 /* ChargerPrimary.swift in Sources */,
				DC68F6731BE345B4000EFFF4 /* ChargerPrimary+CoreDataProperties.swift in Sources */,
				DC394B661D28659C003D6C81 /* AnnotationClusterView.swift in Sources */,
				DC68F6781BE345B4000EFFF4 /* ChargerDetails.swift in Sources */,
				DC1ED1651BE29572007C09D1 /* ViewController.swift in Sources */,
				DC68F67C1BE345B4000EFFF4 /* Comment.swift in Sources */,
				DCFD74251D271541006BEBE0 /* LastDataDownloadTimeSingelton.swift in Sources */,
				DC7C51CC1D1C86B40065862B /* ChargingStationPhotoViewController.swift in Sources */,
				DCC4275A1D3BEF0C00CAFD3E /* WelcomeFourViewController.swift in Sources */,
				DCD7983B1BE5814F00C62863 /* AnnotationCharger.swift in Sources */,
				DC1ED1631BE29572007C09D1 /* AppDelegate.swift in Sources */,
				DC3D5F4B1D286AAB001A7D71 /* BoundingBox.swift in Sources */,
				DC394B671D28659C003D6C81 /* AnnotationCluster.swift in Sources */,
				DC68F6841BE34B11000EFFF4 /* ChargerOperator.swift in Sources */,
				DC3D5F491D286AAB001A7D71 /* QuadTreeNode.swift in Sources */,
				DCDC2C371C613A42004BEF91 /* SettingsViewController.swift in Sources */,
				DC11A7B31C092FD300FD54C3 /* ChargerDetailViewController.swift in Sources */,
				DCC427541D36B33300CAFD3E /* WelcomeThreeViewController.swift in Sources */,
				DC7830D11CE9D8FE005B315E /* CommentTableViewCell.swift in Sources */,
				DC68F6831BE34B11000EFFF4 /* ChargerOperator+CoreDataProperties.swift in Sources */,
				DCAFABCD1CC679B200C637BE /* MapCoordinateSpanSingelton.swift in Sources */,
				DCC427521D367C6100CAFD3E /* WelcomeTwoViewController.swift in Sources */,
				DC68F67B1BE345B4000EFFF4 /* Comment+CoreDataProperties.swift in Sources */,
				DCC4274C1D3673B600CAFD3E /* WelcomePageViewController.swift in Sources */,
				DCC862BC1C634FE0001E0049 /* MapCenterCoordinateSingelton.swift in Sources */,
				DC24E3601C5B83760070AC3E /* SwiftSpinner.swift in Sources */,
				DC68F6771BE345B4000EFFF4 /* ChargerDetails+CoreDataProperties.swift in Sources */,
				DC68F6861BE34C23000EFFF4 /* MapViewController.swift in Sources */,
				DC85CABD1C5A137700AB2786 /* ConnectionTableViewCell.swift in Sources */,
			);
			runOnlyForDeploymentPostprocessing = 0;
		};
		DC1ED1721BE29572007C09D1 /* Sources */ = {
			isa = PBXSourcesBuildPhase;
			buildActionMask = 2147483647;
			files = (
				DC1ED17B1BE29572007C09D1 /* SparkTests.swift in Sources */,
			);
			runOnlyForDeploymentPostprocessing = 0;
		};
		DC1ED17D1BE29572007C09D1 /* Sources */ = {
			isa = PBXSourcesBuildPhase;
			buildActionMask = 2147483647;
			files = (
				DC1ED1861BE29572007C09D1 /* SparkUITests.swift in Sources */,
			);
			runOnlyForDeploymentPostprocessing = 0;
		};
/* End PBXSourcesBuildPhase section */

/* Begin PBXTargetDependency section */
		DC1ED1781BE29572007C09D1 /* PBXTargetDependency */ = {
			isa = PBXTargetDependency;
			target = DC1ED15E1BE29572007C09D1 /* SparkMap */;
			targetProxy = DC1ED1771BE29572007C09D1 /* PBXContainerItemProxy */;
		};
		DC1ED1831BE29572007C09D1 /* PBXTargetDependency */ = {
			isa = PBXTargetDependency;
			target = DC1ED15E1BE29572007C09D1 /* SparkMap */;
			targetProxy = DC1ED1821BE29572007C09D1 /* PBXContainerItemProxy */;
		};
/* End PBXTargetDependency section */

/* Begin PBXVariantGroup section */
		DC1411291CC00DEE00F68C83 /* InfoPlist.strings */ = {
			isa = PBXVariantGroup;
			children = (
				DC1411281CC00DEE00F68C83 /* nb */,
			);
			name = InfoPlist.strings;
			sourceTree = "<group>";
		};
		DC14112E1CC00DEE00F68C83 /* Localizable.strings */ = {
			isa = PBXVariantGroup;
			children = (
				DC14112D1CC00DEE00F68C83 /* nb */,
			);
			name = Localizable.strings;
			sourceTree = "<group>";
		};
		DC1A2DF21CB6D69400C2C01F /* ChargerDetailViewController.xib */ = {
			isa = PBXVariantGroup;
			children = (
				DC1A2DF11CB6D69400C2C01F /* Base */,
				DCAA484C1CC0027800114FF2 /* nb */,
			);
			name = ChargerDetailViewController.xib;
			sourceTree = "<group>";
		};
		DC1ED1661BE29572007C09D1 /* Main.storyboard */ = {
			isa = PBXVariantGroup;
			children = (
				DC1ED1671BE29572007C09D1 /* Base */,
				DCAA484A1CC0027800114FF2 /* nb */,
			);
			name = Main.storyboard;
			sourceTree = "<group>";
		};
		DC1ED16E1BE29572007C09D1 /* LaunchScreen.storyboard */ = {
			isa = PBXVariantGroup;
			children = (
				DC1ED16F1BE29572007C09D1 /* Base */,
				DCAA484B1CC0027800114FF2 /* nb */,
			);
			name = LaunchScreen.storyboard;
			sourceTree = "<group>";
		};
		DCC427581D37A8EC00CAFD3E /* WelcomeStoryboard.storyboard */ = {
			isa = PBXVariantGroup;
			children = (
				DCC427571D37A8EC00CAFD3E /* Base */,
			);
			name = WelcomeStoryboard.storyboard;
			sourceTree = "<group>";
		};
		DCCAC3381D2579BA007B334D /* InfoPlist.strings */ = {
			isa = PBXVariantGroup;
			children = (
				DCCAC3371D2579BA007B334D /* nb */,
			);
			name = InfoPlist.strings;
			sourceTree = "<group>";
		};
		DCCF429D1CEFA007008DC094 /* CommentsListViewController.xib */ = {
			isa = PBXVariantGroup;
			children = (
				DCCF429C1CEFA007008DC094 /* Base */,
				DC5FB5051CEFA43A000E1F33 /* nb */,
			);
			name = CommentsListViewController.xib;
			sourceTree = "<group>";
		};
/* End PBXVariantGroup section */

/* Begin XCBuildConfiguration section */
		DC1ED1881BE29572007C09D1 /* Debug */ = {
			isa = XCBuildConfiguration;
			buildSettings = {
				ALWAYS_SEARCH_USER_PATHS = NO;
				CLANG_CXX_LANGUAGE_STANDARD = "gnu++0x";
				CLANG_CXX_LIBRARY = "libc++";
				CLANG_ENABLE_MODULES = YES;
				CLANG_ENABLE_OBJC_ARC = YES;
				CLANG_WARN_BOOL_CONVERSION = YES;
				CLANG_WARN_CONSTANT_CONVERSION = YES;
				CLANG_WARN_DIRECT_OBJC_ISA_USAGE = YES_ERROR;
				CLANG_WARN_EMPTY_BODY = YES;
				CLANG_WARN_ENUM_CONVERSION = YES;
				CLANG_WARN_INT_CONVERSION = YES;
				CLANG_WARN_OBJC_ROOT_CLASS = YES_ERROR;
				CLANG_WARN_UNREACHABLE_CODE = YES;
				CLANG_WARN__DUPLICATE_METHOD_MATCH = YES;
				"CODE_SIGN_IDENTITY[sdk=iphoneos*]" = "iPhone Developer";
				COPY_PHASE_STRIP = NO;
				DEBUG_INFORMATION_FORMAT = dwarf;
				ENABLE_STRICT_OBJC_MSGSEND = YES;
				ENABLE_TESTABILITY = YES;
				GCC_C_LANGUAGE_STANDARD = gnu99;
				GCC_DYNAMIC_NO_PIC = NO;
				GCC_NO_COMMON_BLOCKS = YES;
				GCC_OPTIMIZATION_LEVEL = 0;
				GCC_PREPROCESSOR_DEFINITIONS = (
					"DEBUG=1",
					"$(inherited)",
				);
				GCC_WARN_64_TO_32_BIT_CONVERSION = YES;
				GCC_WARN_ABOUT_RETURN_TYPE = YES_ERROR;
				GCC_WARN_UNDECLARED_SELECTOR = YES;
				GCC_WARN_UNINITIALIZED_AUTOS = YES_AGGRESSIVE;
				GCC_WARN_UNUSED_FUNCTION = YES;
				GCC_WARN_UNUSED_VARIABLE = YES;
				IPHONEOS_DEPLOYMENT_TARGET = 9.1;
				MTL_ENABLE_DEBUG_INFO = YES;
				ONLY_ACTIVE_ARCH = YES;
				SDKROOT = iphoneos;
				SWIFT_OPTIMIZATION_LEVEL = "-Onone";
				TARGETED_DEVICE_FAMILY = "1,2";
			};
			name = Debug;
		};
		DC1ED1891BE29572007C09D1 /* Release */ = {
			isa = XCBuildConfiguration;
			buildSettings = {
				ALWAYS_SEARCH_USER_PATHS = NO;
				CLANG_CXX_LANGUAGE_STANDARD = "gnu++0x";
				CLANG_CXX_LIBRARY = "libc++";
				CLANG_ENABLE_MODULES = YES;
				CLANG_ENABLE_OBJC_ARC = YES;
				CLANG_WARN_BOOL_CONVERSION = YES;
				CLANG_WARN_CONSTANT_CONVERSION = YES;
				CLANG_WARN_DIRECT_OBJC_ISA_USAGE = YES_ERROR;
				CLANG_WARN_EMPTY_BODY = YES;
				CLANG_WARN_ENUM_CONVERSION = YES;
				CLANG_WARN_INT_CONVERSION = YES;
				CLANG_WARN_OBJC_ROOT_CLASS = YES_ERROR;
				CLANG_WARN_UNREACHABLE_CODE = YES;
				CLANG_WARN__DUPLICATE_METHOD_MATCH = YES;
				"CODE_SIGN_IDENTITY[sdk=iphoneos*]" = "iPhone Developer";
				COPY_PHASE_STRIP = NO;
				DEBUG_INFORMATION_FORMAT = "dwarf-with-dsym";
				ENABLE_NS_ASSERTIONS = NO;
				ENABLE_STRICT_OBJC_MSGSEND = YES;
				GCC_C_LANGUAGE_STANDARD = gnu99;
				GCC_NO_COMMON_BLOCKS = YES;
				GCC_WARN_64_TO_32_BIT_CONVERSION = YES;
				GCC_WARN_ABOUT_RETURN_TYPE = YES_ERROR;
				GCC_WARN_UNDECLARED_SELECTOR = YES;
				GCC_WARN_UNINITIALIZED_AUTOS = YES_AGGRESSIVE;
				GCC_WARN_UNUSED_FUNCTION = YES;
				GCC_WARN_UNUSED_VARIABLE = YES;
				IPHONEOS_DEPLOYMENT_TARGET = 9.1;
				MTL_ENABLE_DEBUG_INFO = NO;
				SDKROOT = iphoneos;
				TARGETED_DEVICE_FAMILY = "1,2";
				VALIDATE_PRODUCT = YES;
			};
			name = Release;
		};
		DC1ED18B1BE29572007C09D1 /* Debug */ = {
			isa = XCBuildConfiguration;
			buildSettings = {
				ASSETCATALOG_COMPILER_APPICON_NAME = AppIcon;
				CODE_SIGN_IDENTITY = "iPhone Developer";
				"CODE_SIGN_IDENTITY[sdk=iphoneos*]" = "iPhone Developer";
				INFOPLIST_FILE = Spark/Info.plist;
				IPHONEOS_DEPLOYMENT_TARGET = 9.1;
				LD_RUNPATH_SEARCH_PATHS = "$(inherited) @executable_path/Frameworks";
				MTL_ENABLE_DEBUG_INFO = YES;
				PRODUCT_BUNDLE_IDENTIFIER = net.zygotelabs.sparkmap;
				PRODUCT_NAME = SparkMap;
				PROVISIONING_PROFILE = "";
			};
			name = Debug;
		};
		DC1ED18C1BE29572007C09D1 /* Release */ = {
			isa = XCBuildConfiguration;
			buildSettings = {
				ASSETCATALOG_COMPILER_APPICON_NAME = AppIcon;
				CODE_SIGN_IDENTITY = "iPhone Developer";
				"CODE_SIGN_IDENTITY[sdk=iphoneos*]" = "iPhone Developer";
				INFOPLIST_FILE = Spark/Info.plist;
				IPHONEOS_DEPLOYMENT_TARGET = 9.1;
				LD_RUNPATH_SEARCH_PATHS = "$(inherited) @executable_path/Frameworks";
				MTL_ENABLE_DEBUG_INFO = NO;
				PRODUCT_BUNDLE_IDENTIFIER = net.zygotelabs.sparkmap;
				PRODUCT_NAME = SparkMap;
				PROVISIONING_PROFILE = "";
			};
			name = Release;
		};
		DC1ED18E1BE29572007C09D1 /* Debug */ = {
			isa = XCBuildConfiguration;
			buildSettings = {
				BUNDLE_LOADER = "$(TEST_HOST)";
				INFOPLIST_FILE = SparkTests/Info.plist;
				LD_RUNPATH_SEARCH_PATHS = "$(inherited) @executable_path/Frameworks @loader_path/Frameworks";
				PRODUCT_BUNDLE_IDENTIFIER = net.zygotelabs.SparkTests;
				PRODUCT_NAME = SparkMap;
				TEST_HOST = "$(BUILT_PRODUCTS_DIR)/SparkMap.app/SparkMap";
			};
			name = Debug;
		};
		DC1ED18F1BE29572007C09D1 /* Release */ = {
			isa = XCBuildConfiguration;
			buildSettings = {
				BUNDLE_LOADER = "$(TEST_HOST)";
				INFOPLIST_FILE = SparkTests/Info.plist;
				LD_RUNPATH_SEARCH_PATHS = "$(inherited) @executable_path/Frameworks @loader_path/Frameworks";
				PRODUCT_BUNDLE_IDENTIFIER = net.zygotelabs.SparkTests;
				PRODUCT_NAME = SparkMap;
				TEST_HOST = "$(BUILT_PRODUCTS_DIR)/SparkMap.app/SparkMap";
			};
			name = Release;
		};
		DC1ED1911BE29572007C09D1 /* Debug */ = {
			isa = XCBuildConfiguration;
			buildSettings = {
				INFOPLIST_FILE = SparkUITests/Info.plist;
				LD_RUNPATH_SEARCH_PATHS = "$(inherited) @executable_path/Frameworks @loader_path/Frameworks";
				PRODUCT_BUNDLE_IDENTIFIER = net.zygotelabs.SparkUITests;
				PRODUCT_NAME = SparkMap;
				TEST_TARGET_NAME = Spark;
				USES_XCTRUNNER = YES;
			};
			name = Debug;
		};
		DC1ED1921BE29572007C09D1 /* Release */ = {
			isa = XCBuildConfiguration;
			buildSettings = {
				INFOPLIST_FILE = SparkUITests/Info.plist;
				LD_RUNPATH_SEARCH_PATHS = "$(inherited) @executable_path/Frameworks @loader_path/Frameworks";
				PRODUCT_BUNDLE_IDENTIFIER = net.zygotelabs.SparkUITests;
				PRODUCT_NAME = SparkMap;
				TEST_TARGET_NAME = Spark;
				USES_XCTRUNNER = YES;
			};
			name = Release;
		};
/* End XCBuildConfiguration section */

/* Begin XCConfigurationList section */
		DC1ED15A1BE29572007C09D1 /* Build configuration list for PBXProject "SparkMap" */ = {
			isa = XCConfigurationList;
			buildConfigurations = (
				DC1ED1881BE29572007C09D1 /* Debug */,
				DC1ED1891BE29572007C09D1 /* Release */,
			);
			defaultConfigurationIsVisible = 0;
			defaultConfigurationName = Release;
		};
		DC1ED18A1BE29572007C09D1 /* Build configuration list for PBXNativeTarget "SparkMap" */ = {
			isa = XCConfigurationList;
			buildConfigurations = (
				DC1ED18B1BE29572007C09D1 /* Debug */,
				DC1ED18C1BE29572007C09D1 /* Release */,
			);
			defaultConfigurationIsVisible = 0;
			defaultConfigurationName = Release;
		};
		DC1ED18D1BE29572007C09D1 /* Build configuration list for PBXNativeTarget "SparkMapTests" */ = {
			isa = XCConfigurationList;
			buildConfigurations = (
				DC1ED18E1BE29572007C09D1 /* Debug */,
				DC1ED18F1BE29572007C09D1 /* Release */,
			);
			defaultConfigurationIsVisible = 0;
			defaultConfigurationName = Release;
		};
		DC1ED1901BE29572007C09D1 /* Build configuration list for PBXNativeTarget "SparkMapUITests" */ = {
			isa = XCConfigurationList;
			buildConfigurations = (
				DC1ED1911BE29572007C09D1 /* Debug */,
				DC1ED1921BE29572007C09D1 /* Release */,
			);
			defaultConfigurationIsVisible = 0;
			defaultConfigurationName = Release;
		};
/* End XCConfigurationList section */

/* Begin XCVersionGroup section */
		DC1ED1691BE29572007C09D1 /* Spark.xcdatamodeld */ = {
			isa = XCVersionGroup;
			children = (
				DCC427551D36E63400CAFD3E /* Spark v7.xcdatamodel */,
				DC7C0ED01CEA093400DBC7A1 /* Spark v6.xcdatamodel */,
				DCCD91D21CD29DA000C571B8 /* Spark v5.xcdatamodel */,
				DC093CAA1CC0310A00EFCD52 /* Spark v4.xcdatamodel */,
				DCABF7A01C77CAB000B9FEE2 /* Spark v 3.xcdatamodel */,
				DC2F421B1C68C4A300579F18 /* Spark v2.xcdatamodel */,
				DC1ED16A1BE29572007C09D1 /* Spark.xcdatamodel */,
			);
			currentVersion = DCC427551D36E63400CAFD3E /* Spark v7.xcdatamodel */;
			path = Spark.xcdatamodeld;
			sourceTree = "<group>";
			versionGroupType = wrapper.xcdatamodel;
		};
/* End XCVersionGroup section */
	};
	rootObject = DC1ED1571BE29572007C09D1 /* Project object */;
}
